
Microsoft Visual Studio Solution File, Format Version 12.00
# Visual Studio 2013
VisualStudioVersion = 12.0.30723.0
MinimumVisualStudioVersion = 10.0.40219.1
Project("{FAE04EC0-301F-11D3-BF4B-00C04F79EFBC}") = "ImageEncryptionSample", "ImageEncryptionSample.csproj", "{0B6D9D38-951F-4E52-B0CA-6C947F473FFF}"
EndProject
Project("{FAE04EC0-301F-11D3-BF4B-00C04F79EFBC}") = "ImageEncryptionWebSample", "ImageEncryptionWebSample\ImageEncryptionWebSample.csproj", "{1DB6EFB7-5468-4BEC-AE7D-D2897ACA6DA6}"
EndProject
Project("{FAE04EC0-301F-11D3-BF4B-00C04F79EFBC}") = "ImageEncryption", "ImageEncryption\ImageEncryption.csproj", "{390E469F-D348-4668-B304-80EBBAAD8117}"
EndProject
Global
	GlobalSection(SolutionConfigurationPlatforms) = preSolution
		Debug|Any CPU = Debug|Any CPU
		Release|Any CPU = Release|Any CPU
	EndGlobalSection
	GlobalSection(ProjectConfigurationPlatforms) = postSolution
		{0B6D9D38-951F-4E52-B0CA-6C947F473FFF}.Debug|Any CPU.ActiveCfg = Debug|Any CPU
		{0B6D9D38-951F-4E52-B0CA-6C947F473FFF}.Debug|Any CPU.Build.0 = Debug|Any CPU
		{0B6D9D38-951F-4E52-B0CA-6C947F473FFF}.Release|Any CPU.ActiveCfg = Release|Any CPU
		{0B6D9D38-951F-4E52-B0CA-6C947F473FFF}.Release|Any CPU.Build.0 = Release|Any CPU
		{1DB6EFB7-5468-4BEC-AE7D-D2897ACA6DA6}.Debug|Any CPU.ActiveCfg = Debug|Any CPU
		{1DB6EFB7-5468-4BEC-AE7D-D2897ACA6DA6}.Debug|Any CPU.Build.0 = Debug|Any CPU
		{1DB6EFB7-5468-4BEC-AE7D-D2897ACA6DA6}.Release|Any CPU.ActiveCfg = Release|Any CPU
		{1DB6EFB7-5468-4BEC-AE7D-D2897ACA6DA6}.Release|Any CPU.Build.0 = Release|Any CPU
		{390E469F-D348-4668-B304-80EBBAAD8117}.Debug|Any CPU.ActiveCfg = Debug|Any CPU
		{390E469F-D348-4668-B304-80EBBAAD8117}.Debug|Any CPU.Build.0 = Debug|Any CPU
		{390E469F-D348-4668-B304-80EBBAAD8117}.Release|Any CPU.ActiveCfg = Release|Any CPU
		{390E469F-D348-4668-B304-80EBBAAD8117}.Release|Any CPU.Build.0 = Release|Any CPU
	EndGlobalSection
	GlobalSection(SolutionProperties) = preSolution
		HideSolutionNode = FALSE
	EndGlobalSection
EndGlobal
